
Microsoft Visual Studio Solution File, Format Version 12.00
# Visual Studio 15
VisualStudioVersion = 15.0.26124.0
MinimumVisualStudioVersion = 15.0.26124.0
Project("{2150E333-8FDC-42A3-9474-1A3956D46DE8}") = "src", "src", "{D24AF15F-A1B7-4B39-92DC-191082A8A1EC}"
EndProject
Project("{FAE04EC0-301F-11D3-BF4B-00C04F79EFBC}") = "Lab09", "src\Lab09\Lab09.csproj", "{B2A89F58-CA07-4FEE-A4A2-9C5908B34B11}"
EndProject
Project("{FAE04EC0-301F-11D3-BF4B-00C04F79EFBC}") = "test", "test\test.csproj", "{27D39595-A820-415C-97F5-B729D2C49F0D}"
EndProject
Global
	GlobalSection(SolutionConfigurationPlatforms) = preSolution
		Debug|Any CPU = Debug|Any CPU
		Debug|x64 = Debug|x64
		Debug|x86 = Debug|x86
		Release|Any CPU = Release|Any CPU
		Release|x64 = Release|x64
		Release|x86 = Release|x86
	EndGlobalSection
	GlobalSection(SolutionProperties) = preSolution
		HideSolutionNode = FALSE
	EndGlobalSection
	GlobalSection(ProjectConfigurationPlatforms) = postSolution
		{B2A89F58-CA07-4FEE-A4A2-9C5908B34B11}.Debug|Any CPU.ActiveCfg = Debug|Any CPU
		{B2A89F58-CA07-4FEE-A4A2-9C5908B34B11}.Debug|Any CPU.Build.0 = Debug|Any CPU
		{B2A89F58-CA07-4FEE-A4A2-9C5908B34B11}.Debug|x64.ActiveCfg = Debug|Any CPU
		{B2A89F58-CA07-4FEE-A4A2-9C5908B34B11}.Debug|x64.Build.0 = Debug|Any CPU
		{B2A89F58-CA07-4FEE-A4A2-9C5908B34B11}.Debug|x86.ActiveCfg = Debug|Any CPU
		{B2A89F58-CA07-4FEE-A4A2-9C5908B34B11}.Debug|x86.Build.0 = Debug|Any CPU
		{B2A89F58-CA07-4FEE-A4A2-9C5908B34B11}.Release|Any CPU.ActiveCfg = Release|Any CPU
		{B2A89F58-CA07-4FEE-A4A2-9C5908B34B11}.Release|Any CPU.Build.0 = Release|Any CPU
		{B2A89F58-CA07-4FEE-A4A2-9C5908B34B11}.Release|x64.ActiveCfg = Release|Any CPU
		{B2A89F58-CA07-4FEE-A4A2-9C5908B34B11}.Release|x64.Build.0 = Release|Any CPU
		{B2A89F58-CA07-4FEE-A4A2-9C5908B34B11}.Release|x86.ActiveCfg = Release|Any CPU
		{B2A89F58-CA07-4FEE-A4A2-9C5908B34B11}.Release|x86.Build.0 = Release|Any CPU
		{27D39595-A820-415C-97F5-B729D2C49F0D}.Debug|Any CPU.ActiveCfg = Debug|Any CPU
		{27D39595-A820-415C-97F5-B729D2C49F0D}.Debug|Any CPU.Build.0 = Debug|Any CPU
		{27D39595-A820-415C-97F5-B729D2C49F0D}.Debug|x64.ActiveCfg = Debug|Any CPU
		{27D39595-A820-415C-97F5-B729D2C49F0D}.Debug|x64.Build.0 = Debug|Any CPU
		{27D39595-A820-415C-97F5-B729D2C49F0D}.Debug|x86.ActiveCfg = Debug|Any CPU
		{27D39595-A820-415C-97F5-B729D2C49F0D}.Debug|x86.Build.0 = Debug|Any CPU
		{27D39595-A820-415C-97F5-B729D2C49F0D}.Release|Any CPU.ActiveCfg = Release|Any CPU
		{27D39595-A820-415C-97F5-B729D2C49F0D}.Release|Any CPU.Build.0 = Release|Any CPU
		{27D39595-A820-415C-97F5-B729D2C49F0D}.Release|x64.ActiveCfg = Release|Any CPU
		{27D39595-A820-415C-97F5-B729D2C49F0D}.Release|x64.Build.0 = Release|Any CPU
		{27D39595-A820-415C-97F5-B729D2C49F0D}.Release|x86.ActiveCfg = Release|Any CPU
		{27D39595-A820-415C-97F5-B729D2C49F0D}.Release|x86.Build.0 = Release|Any CPU
	EndGlobalSection
	GlobalSection(NestedProjects) = preSolution
		{B2A89F58-CA07-4FEE-A4A2-9C5908B34B11} = {D24AF15F-A1B7-4B39-92DC-191082A8A1EC}
	EndGlobalSection
EndGlobal
