
Microsoft Visual Studio Solution File, Format Version 12.00
# Visual Studio 15
VisualStudioVersion = 15.0.26124.0
MinimumVisualStudioVersion = 15.0.26124.0
Project("{FAE04EC0-301F-11D3-BF4B-00C04F79EFBC}") = "test", "test\test.csproj", "{CAF9AB87-16BC-4819-9240-BE72698A619C}"
EndProject
Project("{2150E333-8FDC-42A3-9474-1A3956D46DE8}") = "src", "src", "{ABCD43B1-52DF-4D61-9ABE-33907AF24D60}"
EndProject
Project("{FAE04EC0-301F-11D3-BF4B-00C04F79EFBC}") = "Lab08", "src\Lab08\Lab08.csproj", "{0E732DBA-3AAF-4DCC-AA12-7B7E093B4865}"
EndProject
Global
	GlobalSection(SolutionConfigurationPlatforms) = preSolution
		Debug|Any CPU = Debug|Any CPU
		Debug|x64 = Debug|x64
		Debug|x86 = Debug|x86
		Release|Any CPU = Release|Any CPU
		Release|x64 = Release|x64
		Release|x86 = Release|x86
	EndGlobalSection
	GlobalSection(SolutionProperties) = preSolution
		HideSolutionNode = FALSE
	EndGlobalSection
	GlobalSection(ProjectConfigurationPlatforms) = postSolution
		{CAF9AB87-16BC-4819-9240-BE72698A619C}.Debug|Any CPU.ActiveCfg = Debug|Any CPU
		{CAF9AB87-16BC-4819-9240-BE72698A619C}.Debug|Any CPU.Build.0 = Debug|Any CPU
		{CAF9AB87-16BC-4819-9240-BE72698A619C}.Debug|x64.ActiveCfg = Debug|Any CPU
		{CAF9AB87-16BC-4819-9240-BE72698A619C}.Debug|x64.Build.0 = Debug|Any CPU
		{CAF9AB87-16BC-4819-9240-BE72698A619C}.Debug|x86.ActiveCfg = Debug|Any CPU
		{CAF9AB87-16BC-4819-9240-BE72698A619C}.Debug|x86.Build.0 = Debug|Any CPU
		{CAF9AB87-16BC-4819-9240-BE72698A619C}.Release|Any CPU.ActiveCfg = Release|Any CPU
		{CAF9AB87-16BC-4819-9240-BE72698A619C}.Release|Any CPU.Build.0 = Release|Any CPU
		{CAF9AB87-16BC-4819-9240-BE72698A619C}.Release|x64.ActiveCfg = Release|Any CPU
		{CAF9AB87-16BC-4819-9240-BE72698A619C}.Release|x64.Build.0 = Release|Any CPU
		{CAF9AB87-16BC-4819-9240-BE72698A619C}.Release|x86.ActiveCfg = Release|Any CPU
		{CAF9AB87-16BC-4819-9240-BE72698A619C}.Release|x86.Build.0 = Release|Any CPU
		{0E732DBA-3AAF-4DCC-AA12-7B7E093B4865}.Debug|Any CPU.ActiveCfg = Debug|Any CPU
		{0E732DBA-3AAF-4DCC-AA12-7B7E093B4865}.Debug|Any CPU.Build.0 = Debug|Any CPU
		{0E732DBA-3AAF-4DCC-AA12-7B7E093B4865}.Debug|x64.ActiveCfg = Debug|Any CPU
		{0E732DBA-3AAF-4DCC-AA12-7B7E093B4865}.Debug|x64.Build.0 = Debug|Any CPU
		{0E732DBA-3AAF-4DCC-AA12-7B7E093B4865}.Debug|x86.ActiveCfg = Debug|Any CPU
		{0E732DBA-3AAF-4DCC-AA12-7B7E093B4865}.Debug|x86.Build.0 = Debug|Any CPU
		{0E732DBA-3AAF-4DCC-AA12-7B7E093B4865}.Release|Any CPU.ActiveCfg = Release|Any CPU
		{0E732DBA-3AAF-4DCC-AA12-7B7E093B4865}.Release|Any CPU.Build.0 = Release|Any CPU
		{0E732DBA-3AAF-4DCC-AA12-7B7E093B4865}.Release|x64.ActiveCfg = Release|Any CPU
		{0E732DBA-3AAF-4DCC-AA12-7B7E093B4865}.Release|x64.Build.0 = Release|Any CPU
		{0E732DBA-3AAF-4DCC-AA12-7B7E093B4865}.Release|x86.ActiveCfg = Release|Any CPU
		{0E732DBA-3AAF-4DCC-AA12-7B7E093B4865}.Release|x86.Build.0 = Release|Any CPU
	EndGlobalSection
	GlobalSection(NestedProjects) = preSolution
		{0E732DBA-3AAF-4DCC-AA12-7B7E093B4865} = {ABCD43B1-52DF-4D61-9ABE-33907AF24D60}
	EndGlobalSection
EndGlobal
